
Microsoft Visual Studio Solution File, Format Version 12.00
# Visual Studio Version 16
VisualStudioVersion = 16.0.28803.452
MinimumVisualStudioVersion = 10.0.40219.1
Project("{FAE04EC0-301F-11D3-BF4B-00C04F79EFBC}") = "MerchandiseManager.Core", "MerchandiseManager.Core\MerchandiseManager.Core.csproj", "{A392EB1F-DDF8-428C-9240-99973F8BF102}"
EndProject
Global
	GlobalSection(SolutionConfigurationPlatforms) = preSolution
		Debug|Any CPU = Debug|Any CPU
		Release|Any CPU = Release|Any CPU
	EndGlobalSection
	GlobalSection(ProjectConfigurationPlatforms) = postSolution
		{A392EB1F-DDF8-428C-9240-99973F8BF102}.Debug|Any CPU.ActiveCfg = Debug|Any CPU
		{A392EB1F-DDF8-428C-9240-99973F8BF102}.Debug|Any CPU.Build.0 = Debug|Any CPU
		{A392EB1F-DDF8-428C-9240-99973F8BF102}.Release|Any CPU.ActiveCfg = Release|Any CPU
		{A392EB1F-DDF8-428C-9240-99973F8BF102}.Release|Any CPU.Build.0 = Release|Any CPU
	EndGlobalSection
	GlobalSection(SolutionProperties) = preSolution
		HideSolutionNode = FALSE
	EndGlobalSection
	GlobalSection(ExtensibilityGlobals) = postSolution
		SolutionGuid = {5EC2EFE2-53C1-4B3D-9108-D45064106538}
	EndGlobalSection
EndGlobal
